
Microsoft Visual Studio Solution File, Format Version 12.00
Project("{FAE04EC0-301F-11D3-BF4B-00C04F79EFBC}") = "AuthService.API", "AuthService.API\AuthService.API.csproj", "{2B082EDD-2DB7-4A52-A522-A84F73F2C5FE}"
EndProject
Project("{FAE04EC0-301F-11D3-BF4B-00C04F79EFBC}") = "AuthService.CORE", "AuthService.CORE\AuthService.CORE.csproj", "{FF801DE3-EDDF-4904-B617-405F968E3CA2}"
EndProject
Project("{FAE04EC0-301F-11D3-BF4B-00C04F79EFBC}") = "AuthService.BLL", "AuthService.BLL\AuthService.BLL.csproj", "{693C3437-8C9F-4D86-BE23-CCC84A46BCB3}"
EndProject
Project("{FAE04EC0-301F-11D3-BF4B-00C04F79EFBC}") = "AuthService.DAL", "AuthService.DAL\AuthService.DAL.csproj", "{532CB705-2373-40A8-AC61-A5C110B65557}"
EndProject
Global
	GlobalSection(SolutionConfigurationPlatforms) = preSolution
		Debug|Any CPU = Debug|Any CPU
		Release|Any CPU = Release|Any CPU
	EndGlobalSection
	GlobalSection(ProjectConfigurationPlatforms) = postSolution
		{2B082EDD-2DB7-4A52-A522-A84F73F2C5FE}.Debug|Any CPU.ActiveCfg = Debug|Any CPU
		{2B082EDD-2DB7-4A52-A522-A84F73F2C5FE}.Debug|Any CPU.Build.0 = Debug|Any CPU
		{2B082EDD-2DB7-4A52-A522-A84F73F2C5FE}.Release|Any CPU.ActiveCfg = Release|Any CPU
		{2B082EDD-2DB7-4A52-A522-A84F73F2C5FE}.Release|Any CPU.Build.0 = Release|Any CPU
		{FF801DE3-EDDF-4904-B617-405F968E3CA2}.Debug|Any CPU.ActiveCfg = Debug|Any CPU
		{FF801DE3-EDDF-4904-B617-405F968E3CA2}.Debug|Any CPU.Build.0 = Debug|Any CPU
		{FF801DE3-EDDF-4904-B617-405F968E3CA2}.Release|Any CPU.ActiveCfg = Release|Any CPU
		{FF801DE3-EDDF-4904-B617-405F968E3CA2}.Release|Any CPU.Build.0 = Release|Any CPU
		{693C3437-8C9F-4D86-BE23-CCC84A46BCB3}.Debug|Any CPU.ActiveCfg = Debug|Any CPU
		{693C3437-8C9F-4D86-BE23-CCC84A46BCB3}.Debug|Any CPU.Build.0 = Debug|Any CPU
		{693C3437-8C9F-4D86-BE23-CCC84A46BCB3}.Release|Any CPU.ActiveCfg = Release|Any CPU
		{693C3437-8C9F-4D86-BE23-CCC84A46BCB3}.Release|Any CPU.Build.0 = Release|Any CPU
		{532CB705-2373-40A8-AC61-A5C110B65557}.Debug|Any CPU.ActiveCfg = Debug|Any CPU
		{532CB705-2373-40A8-AC61-A5C110B65557}.Debug|Any CPU.Build.0 = Debug|Any CPU
		{532CB705-2373-40A8-AC61-A5C110B65557}.Release|Any CPU.ActiveCfg = Release|Any CPU
		{532CB705-2373-40A8-AC61-A5C110B65557}.Release|Any CPU.Build.0 = Release|Any CPU
	EndGlobalSection
EndGlobal
